
Microsoft Visual Studio Solution File, Format Version 12.00
# Visual Studio Version 17
VisualStudioVersion = 17.8.34511.84
MinimumVisualStudioVersion = 10.0.40219.1
Project("{FAE04EC0-301F-11D3-BF4B-00C04F79EFBC}") = "Tabla de Amortizacion practica #2023-1828", "Tabla de Amortizacion practica #2023-1828\Tabla de Amortizacion practica #2023-1828.csproj", "{B822A8EB-83A5-4931-AEC5-ADF4D29832B1}"
EndProject
Global
	GlobalSection(SolutionConfigurationPlatforms) = preSolution
		Debug|Any CPU = Debug|Any CPU
		Release|Any CPU = Release|Any CPU
	EndGlobalSection
	GlobalSection(ProjectConfigurationPlatforms) = postSolution
		{B822A8EB-83A5-4931-AEC5-ADF4D29832B1}.Debug|Any CPU.ActiveCfg = Debug|Any CPU
		{B822A8EB-83A5-4931-AEC5-ADF4D29832B1}.Debug|Any CPU.Build.0 = Debug|Any CPU
		{B822A8EB-83A5-4931-AEC5-ADF4D29832B1}.Release|Any CPU.ActiveCfg = Release|Any CPU
		{B822A8EB-83A5-4931-AEC5-ADF4D29832B1}.Release|Any CPU.Build.0 = Release|Any CPU
	EndGlobalSection
	GlobalSection(SolutionProperties) = preSolution
		HideSolutionNode = FALSE
	EndGlobalSection
	GlobalSection(ExtensibilityGlobals) = postSolution
		SolutionGuid = {1E019CE5-6130-4E63-8375-3C3DC8EA2A2F}
	EndGlobalSection
EndGlobal
